
Microsoft Visual Studio Solution File, Format Version 12.00
# Visual Studio Version 16
VisualStudioVersion = 16.0.29613.14
MinimumVisualStudioVersion = 10.0.40219.1
Project("{FAE04EC0-301F-11D3-BF4B-00C04F79EFBC}") = "testOcr2", "testOcr2.csproj", "{57037E5E-EF49-4AF9-950F-635B001203E8}"
EndProject
Global
	GlobalSection(SolutionConfigurationPlatforms) = preSolution
		Debug|Any CPU = Debug|Any CPU
		Release|Any CPU = Release|Any CPU
	EndGlobalSection
	GlobalSection(ProjectConfigurationPlatforms) = postSolution
		{57037E5E-EF49-4AF9-950F-635B001203E8}.Debug|Any CPU.ActiveCfg = Debug|Any CPU
		{57037E5E-EF49-4AF9-950F-635B001203E8}.Debug|Any CPU.Build.0 = Debug|Any CPU
		{57037E5E-EF49-4AF9-950F-635B001203E8}.Release|Any CPU.ActiveCfg = Release|Any CPU
		{57037E5E-EF49-4AF9-950F-635B001203E8}.Release|Any CPU.Build.0 = Release|Any CPU
	EndGlobalSection
	GlobalSection(SolutionProperties) = preSolution
		HideSolutionNode = FALSE
	EndGlobalSection
	GlobalSection(ExtensibilityGlobals) = postSolution
		SolutionGuid = {1301D920-6578-4208-8ABF-73BEF593A106}
	EndGlobalSection
EndGlobal
